<<<<<<< HEAD
# This file is automatically @generated by Cargo.
# It is not intended for manual editing.
version = 3

[[package]]
name = "function"
version = "0.1.0"
=======
# This file is automatically @generated by Cargo.
# It is not intended for manual editing.
version = 3

[[package]]
name = "function"
version = "0.1.0"
>>>>>>> def5ed8c33e35007c31adda8c594035b2256c8a4
